
Microsoft Visual Studio Solution File, Format Version 12.00
# Visual Studio Version 16
VisualStudioVersion = 16.0.31019.35
MinimumVisualStudioVersion = 10.0.40219.1
Project("{FAE04EC0-301F-11D3-BF4B-00C04F79EFBC}") = "AutoComplete.UWP", "AutoComplete\AutoComplete.UWP\AutoComplete.UWP.csproj", "{94050F87-1E5F-4710-AFBC-74B29B0D2D99}"
EndProject
Project("{FAE04EC0-301F-11D3-BF4B-00C04F79EFBC}") = "AutoComplete.Android", "AutoComplete\AutoComplete.Android\AutoComplete.Android.csproj", "{DE2062D2-0BFE-4F0E-B942-3EE3C36F0101}"
EndProject
Project("{FAE04EC0-301F-11D3-BF4B-00C04F79EFBC}") = "AutoComplete.iOS", "AutoComplete\AutoComplete.iOS\AutoComplete.iOS.csproj", "{12866F3F-FEC4-4882-81C8-8A888A961EB1}"
EndProject
Project("{FAE04EC0-301F-11D3-BF4B-00C04F79EFBC}") = "AutoComplete", "AutoComplete\AutoComplete\AutoComplete.csproj", "{9D9C75EC-E22A-489C-9568-23A408AE6F52}"
EndProject
Global
	GlobalSection(SolutionConfigurationPlatforms) = preSolution
		Debug|Any CPU = Debug|Any CPU
		Debug|ARM = Debug|ARM
		Debug|iPhone = Debug|iPhone
		Debug|iPhoneSimulator = Debug|iPhoneSimulator
		Debug|x64 = Debug|x64
		Debug|x86 = Debug|x86
		Release|Any CPU = Release|Any CPU
		Release|ARM = Release|ARM
		Release|iPhone = Release|iPhone
		Release|iPhoneSimulator = Release|iPhoneSimulator
		Release|x64 = Release|x64
		Release|x86 = Release|x86
	EndGlobalSection
	GlobalSection(ProjectConfigurationPlatforms) = postSolution
		{94050F87-1E5F-4710-AFBC-74B29B0D2D99}.Debug|Any CPU.ActiveCfg = Debug|x86
		{94050F87-1E5F-4710-AFBC-74B29B0D2D99}.Debug|Any CPU.Build.0 = Debug|x86
		{94050F87-1E5F-4710-AFBC-74B29B0D2D99}.Debug|Any CPU.Deploy.0 = Debug|x86
		{94050F87-1E5F-4710-AFBC-74B29B0D2D99}.Debug|ARM.ActiveCfg = Debug|ARM
		{94050F87-1E5F-4710-AFBC-74B29B0D2D99}.Debug|ARM.Build.0 = Debug|ARM
		{94050F87-1E5F-4710-AFBC-74B29B0D2D99}.Debug|ARM.Deploy.0 = Debug|ARM
		{94050F87-1E5F-4710-AFBC-74B29B0D2D99}.Debug|iPhone.ActiveCfg = Debug|x86
		{94050F87-1E5F-4710-AFBC-74B29B0D2D99}.Debug|iPhone.Build.0 = Debug|x86
		{94050F87-1E5F-4710-AFBC-74B29B0D2D99}.Debug|iPhone.Deploy.0 = Debug|x86
		{94050F87-1E5F-4710-AFBC-74B29B0D2D99}.Debug|iPhoneSimulator.ActiveCfg = Debug|x86
		{94050F87-1E5F-4710-AFBC-74B29B0D2D99}.Debug|iPhoneSimulator.Build.0 = Debug|x86
		{94050F87-1E5F-4710-AFBC-74B29B0D2D99}.Debug|iPhoneSimulator.Deploy.0 = Debug|x86
		{94050F87-1E5F-4710-AFBC-74B29B0D2D99}.Debug|x64.ActiveCfg = Debug|x64
		{94050F87-1E5F-4710-AFBC-74B29B0D2D99}.Debug|x64.Build.0 = Debug|x64
		{94050F87-1E5F-4710-AFBC-74B29B0D2D99}.Debug|x64.Deploy.0 = Debug|x64
		{94050F87-1E5F-4710-AFBC-74B29B0D2D99}.Debug|x86.ActiveCfg = Debug|x86
		{94050F87-1E5F-4710-AFBC-74B29B0D2D99}.Debug|x86.Build.0 = Debug|x86
		{94050F87-1E5F-4710-AFBC-74B29B0D2D99}.Debug|x86.Deploy.0 = Debug|x86
		{94050F87-1E5F-4710-AFBC-74B29B0D2D99}.Release|Any CPU.ActiveCfg = Release|x86
		{94050F87-1E5F-4710-AFBC-74B29B0D2D99}.Release|Any CPU.Build.0 = Release|x86
		{94050F87-1E5F-4710-AFBC-74B29B0D2D99}.Release|Any CPU.Deploy.0 = Release|x86
		{94050F87-1E5F-4710-AFBC-74B29B0D2D99}.Release|ARM.ActiveCfg = Release|ARM
		{94050F87-1E5F-4710-AFBC-74B29B0D2D99}.Release|ARM.Build.0 = Release|ARM
		{94050F87-1E5F-4710-AFBC-74B29B0D2D99}.Release|ARM.Deploy.0 = Release|ARM
		{94050F87-1E5F-4710-AFBC-74B29B0D2D99}.Release|iPhone.ActiveCfg = Release|x86
		{94050F87-1E5F-4710-AFBC-74B29B0D2D99}.Release|iPhone.Build.0 = Release|x86
		{94050F87-1E5F-4710-AFBC-74B29B0D2D99}.Release|iPhone.Deploy.0 = Release|x86
		{94050F87-1E5F-4710-AFBC-74B29B0D2D99}.Release|iPhoneSimulator.ActiveCfg = Release|x86
		{94050F87-1E5F-4710-AFBC-74B29B0D2D99}.Release|iPhoneSimulator.Build.0 = Release|x86
		{94050F87-1E5F-4710-AFBC-74B29B0D2D99}.Release|iPhoneSimulator.Deploy.0 = Release|x86
		{94050F87-1E5F-4710-AFBC-74B29B0D2D99}.Release|x64.ActiveCfg = Release|x64
		{94050F87-1E5F-4710-AFBC-74B29B0D2D99}.Release|x64.Build.0 = Release|x64
		{94050F87-1E5F-4710-AFBC-74B29B0D2D99}.Release|x64.Deploy.0 = Release|x64
		{94050F87-1E5F-4710-AFBC-74B29B0D2D99}.Release|x86.ActiveCfg = Release|x86
		{94050F87-1E5F-4710-AFBC-74B29B0D2D99}.Release|x86.Build.0 = Release|x86
		{94050F87-1E5F-4710-AFBC-74B29B0D2D99}.Release|x86.Deploy.0 = Release|x86
		{DE2062D2-0BFE-4F0E-B942-3EE3C36F0101}.Debug|Any CPU.ActiveCfg = Debug|Any CPU
		{DE2062D2-0BFE-4F0E-B942-3EE3C36F0101}.Debug|Any CPU.Build.0 = Debug|Any CPU
		{DE2062D2-0BFE-4F0E-B942-3EE3C36F0101}.Debug|Any CPU.Deploy.0 = Debug|Any CPU
		{DE2062D2-0BFE-4F0E-B942-3EE3C36F0101}.Debug|ARM.ActiveCfg = Debug|Any CPU
		{DE2062D2-0BFE-4F0E-B942-3EE3C36F0101}.Debug|ARM.Build.0 = Debug|Any CPU
		{DE2062D2-0BFE-4F0E-B942-3EE3C36F0101}.Debug|ARM.Deploy.0 = Debug|Any CPU
		{DE2062D2-0BFE-4F0E-B942-3EE3C36F0101}.Debug|iPhone.ActiveCfg = Debug|Any CPU
		{DE2062D2-0BFE-4F0E-B942-3EE3C36F0101}.Debug|iPhone.Build.0 = Debug|Any CPU
		{DE2062D2-0BFE-4F0E-B942-3EE3C36F0101}.Debug|iPhone.Deploy.0 = Debug|Any CPU
		{DE2062D2-0BFE-4F0E-B942-3EE3C36F0101}.Debug|iPhoneSimulator.ActiveCfg = Debug|Any CPU
		{DE2062D2-0BFE-4F0E-B942-3EE3C36F0101}.Debug|iPhoneSimulator.Build.0 = Debug|Any CPU
		{DE2062D2-0BFE-4F0E-B942-3EE3C36F0101}.Debug|iPhoneSimulator.Deploy.0 = Debug|Any CPU
		{DE2062D2-0BFE-4F0E-B942-3EE3C36F0101}.Debug|x64.ActiveCfg = Debug|Any CPU
		{DE2062D2-0BFE-4F0E-B942-3EE3C36F0101}.Debug|x64.Build.0 = Debug|Any CPU
		{DE2062D2-0BFE-4F0E-B942-3EE3C36F0101}.Debug|x64.Deploy.0 = Debug|Any CPU
		{DE2062D2-0BFE-4F0E-B942-3EE3C36F0101}.Debug|x86.ActiveCfg = Debug|Any CPU
		{DE2062D2-0BFE-4F0E-B942-3EE3C36F0101}.Debug|x86.Build.0 = Debug|Any CPU
		{DE2062D2-0BFE-4F0E-B942-3EE3C36F0101}.Debug|x86.Deploy.0 = Debug|Any CPU
		{DE2062D2-0BFE-4F0E-B942-3EE3C36F0101}.Release|Any CPU.ActiveCfg = Release|Any CPU
		{DE2062D2-0BFE-4F0E-B942-3EE3C36F0101}.Release|Any CPU.Build.0 = Release|Any CPU
		{DE2062D2-0BFE-4F0E-B942-3EE3C36F0101}.Release|Any CPU.Deploy.0 = Release|Any CPU
		{DE2062D2-0BFE-4F0E-B942-3EE3C36F0101}.Release|ARM.ActiveCfg = Release|Any CPU
		{DE2062D2-0BFE-4F0E-B942-3EE3C36F0101}.Release|ARM.Build.0 = Release|Any CPU
		{DE2062D2-0BFE-4F0E-B942-3EE3C36F0101}.Release|ARM.Deploy.0 = Release|Any CPU
		{DE2062D2-0BFE-4F0E-B942-3EE3C36F0101}.Release|iPhone.ActiveCfg = Release|Any CPU
		{DE2062D2-0BFE-4F0E-B942-3EE3C36F0101}.Release|iPhone.Build.0 = Release|Any CPU
		{DE2062D2-0BFE-4F0E-B942-3EE3C36F0101}.Release|iPhone.Deploy.0 = Release|Any CPU
		{DE2062D2-0BFE-4F0E-B942-3EE3C36F0101}.Release|iPhoneSimulator.ActiveCfg = Release|Any CPU
		{DE2062D2-0BFE-4F0E-B942-3EE3C36F0101}.Release|iPhoneSimulator.Build.0 = Release|Any CPU
		{DE2062D2-0BFE-4F0E-B942-3EE3C36F0101}.Release|iPhoneSimulator.Deploy.0 = Release|Any CPU
		{DE2062D2-0BFE-4F0E-B942-3EE3C36F0101}.Release|x64.ActiveCfg = Release|Any CPU
		{DE2062D2-0BFE-4F0E-B942-3EE3C36F0101}.Release|x64.Build.0 = Release|Any CPU
		{DE2062D2-0BFE-4F0E-B942-3EE3C36F0101}.Release|x64.Deploy.0 = Release|Any CPU
		{DE2062D2-0BFE-4F0E-B942-3EE3C36F0101}.Release|x86.ActiveCfg = Release|Any CPU
		{DE2062D2-0BFE-4F0E-B942-3EE3C36F0101}.Release|x86.Build.0 = Release|Any CPU
		{DE2062D2-0BFE-4F0E-B942-3EE3C36F0101}.Release|x86.Deploy.0 = Release|Any CPU
		{12866F3F-FEC4-4882-81C8-8A888A961EB1}.Debug|Any CPU.ActiveCfg = Debug|iPhoneSimulator
		{12866F3F-FEC4-4882-81C8-8A888A961EB1}.Debug|Any CPU.Build.0 = Debug|iPhoneSimulator
		{12866F3F-FEC4-4882-81C8-8A888A961EB1}.Debug|Any CPU.Deploy.0 = Debug|iPhoneSimulator
		{12866F3F-FEC4-4882-81C8-8A888A961EB1}.Debug|ARM.ActiveCfg = Debug|iPhone
		{12866F3F-FEC4-4882-81C8-8A888A961EB1}.Debug|ARM.Build.0 = Debug|iPhone
		{12866F3F-FEC4-4882-81C8-8A888A961EB1}.Debug|ARM.Deploy.0 = Debug|iPhone
		{12866F3F-FEC4-4882-81C8-8A888A961EB1}.Debug|iPhone.ActiveCfg = Debug|iPhone
		{12866F3F-FEC4-4882-81C8-8A888A961EB1}.Debug|iPhone.Build.0 = Debug|iPhone
		{12866F3F-FEC4-4882-81C8-8A888A961EB1}.Debug|iPhone.Deploy.0 = Debug|iPhone
		{12866F3F-FEC4-4882-81C8-8A888A961EB1}.Debug|iPhoneSimulator.ActiveCfg = Debug|iPhoneSimulator
		{12866F3F-FEC4-4882-81C8-8A888A961EB1}.Debug|iPhoneSimulator.Build.0 = Debug|iPhoneSimulator
		{12866F3F-FEC4-4882-81C8-8A888A961EB1}.Debug|iPhoneSimulator.Deploy.0 = Debug|iPhoneSimulator
		{12866F3F-FEC4-4882-81C8-8A888A961EB1}.Debug|x64.ActiveCfg = Debug|iPhoneSimulator
		{12866F3F-FEC4-4882-81C8-8A888A961EB1}.Debug|x64.Build.0 = Debug|iPhoneSimulator
		{12866F3F-FEC4-4882-81C8-8A888A961EB1}.Debug|x64.Deploy.0 = Debug|iPhoneSimulator
		{12866F3F-FEC4-4882-81C8-8A888A961EB1}.Debug|x86.ActiveCfg = Debug|iPhoneSimulator
		{12866F3F-FEC4-4882-81C8-8A888A961EB1}.Debug|x86.Build.0 = Debug|iPhoneSimulator
		{12866F3F-FEC4-4882-81C8-8A888A961EB1}.Debug|x86.Deploy.0 = Debug|iPhoneSimulator
		{12866F3F-FEC4-4882-81C8-8A888A961EB1}.Release|Any CPU.ActiveCfg = Release|iPhoneSimulator
		{12866F3F-FEC4-4882-81C8-8A888A961EB1}.Release|Any CPU.Build.0 = Release|iPhoneSimulator
		{12866F3F-FEC4-4882-81C8-8A888A961EB1}.Release|Any CPU.Deploy.0 = Release|iPhoneSimulator
		{12866F3F-FEC4-4882-81C8-8A888A961EB1}.Release|ARM.ActiveCfg = Release|iPhoneSimulator
		{12866F3F-FEC4-4882-81C8-8A888A961EB1}.Release|ARM.Build.0 = Release|iPhoneSimulator
		{12866F3F-FEC4-4882-81C8-8A888A961EB1}.Release|ARM.Deploy.0 = Release|iPhoneSimulator
		{12866F3F-FEC4-4882-81C8-8A888A961EB1}.Release|iPhone.ActiveCfg = Release|iPhone
		{12866F3F-FEC4-4882-81C8-8A888A961EB1}.Release|iPhone.Build.0 = Release|iPhone
		{12866F3F-FEC4-4882-81C8-8A888A961EB1}.Release|iPhone.Deploy.0 = Release|iPhone
		{12866F3F-FEC4-4882-81C8-8A888A961EB1}.Release|iPhoneSimulator.ActiveCfg = Release|iPhoneSimulator
		{12866F3F-FEC4-4882-81C8-8A888A961EB1}.Release|iPhoneSimulator.Build.0 = Release|iPhoneSimulator
		{12866F3F-FEC4-4882-81C8-8A888A961EB1}.Release|iPhoneSimulator.Deploy.0 = Release|iPhoneSimulator
		{12866F3F-FEC4-4882-81C8-8A888A961EB1}.Release|x64.ActiveCfg = Release|iPhoneSimulator
		{12866F3F-FEC4-4882-81C8-8A888A961EB1}.Release|x64.Build.0 = Release|iPhoneSimulator
		{12866F3F-FEC4-4882-81C8-8A888A961EB1}.Release|x64.Deploy.0 = Release|iPhoneSimulator
		{12866F3F-FEC4-4882-81C8-8A888A961EB1}.Release|x86.ActiveCfg = Release|iPhoneSimulator
		{12866F3F-FEC4-4882-81C8-8A888A961EB1}.Release|x86.Build.0 = Release|iPhoneSimulator
		{12866F3F-FEC4-4882-81C8-8A888A961EB1}.Release|x86.Deploy.0 = Release|iPhoneSimulator
		{9D9C75EC-E22A-489C-9568-23A408AE6F52}.Debug|Any CPU.ActiveCfg = Debug|Any CPU
		{9D9C75EC-E22A-489C-9568-23A408AE6F52}.Debug|Any CPU.Build.0 = Debug|Any CPU
		{9D9C75EC-E22A-489C-9568-23A408AE6F52}.Debug|Any CPU.Deploy.0 = Debug|Any CPU
		{9D9C75EC-E22A-489C-9568-23A408AE6F52}.Debug|ARM.ActiveCfg = Debug|Any CPU
		{9D9C75EC-E22A-489C-9568-23A408AE6F52}.Debug|ARM.Build.0 = Debug|Any CPU
		{9D9C75EC-E22A-489C-9568-23A408AE6F52}.Debug|ARM.Deploy.0 = Debug|Any CPU
		{9D9C75EC-E22A-489C-9568-23A408AE6F52}.Debug|iPhone.ActiveCfg = Debug|Any CPU
		{9D9C75EC-E22A-489C-9568-23A408AE6F52}.Debug|iPhone.Build.0 = Debug|Any CPU
		{9D9C75EC-E22A-489C-9568-23A408AE6F52}.Debug|iPhone.Deploy.0 = Debug|Any CPU
		{9D9C75EC-E22A-489C-9568-23A408AE6F52}.Debug|iPhoneSimulator.ActiveCfg = Debug|Any CPU
		{9D9C75EC-E22A-489C-9568-23A408AE6F52}.Debug|iPhoneSimulator.Build.0 = Debug|Any CPU
		{9D9C75EC-E22A-489C-9568-23A408AE6F52}.Debug|iPhoneSimulator.Deploy.0 = Debug|Any CPU
		{9D9C75EC-E22A-489C-9568-23A408AE6F52}.Debug|x64.ActiveCfg = Debug|Any CPU
		{9D9C75EC-E22A-489C-9568-23A408AE6F52}.Debug|x64.Build.0 = Debug|Any CPU
		{9D9C75EC-E22A-489C-9568-23A408AE6F52}.Debug|x64.Deploy.0 = Debug|Any CPU
		{9D9C75EC-E22A-489C-9568-23A408AE6F52}.Debug|x86.ActiveCfg = Debug|Any CPU
		{9D9C75EC-E22A-489C-9568-23A408AE6F52}.Debug|x86.Build.0 = Debug|Any CPU
		{9D9C75EC-E22A-489C-9568-23A408AE6F52}.Debug|x86.Deploy.0 = Debug|Any CPU
		{9D9C75EC-E22A-489C-9568-23A408AE6F52}.Release|Any CPU.ActiveCfg = Release|Any CPU
		{9D9C75EC-E22A-489C-9568-23A408AE6F52}.Release|Any CPU.Build.0 = Release|Any CPU
		{9D9C75EC-E22A-489C-9568-23A408AE6F52}.Release|Any CPU.Deploy.0 = Release|Any CPU
		{9D9C75EC-E22A-489C-9568-23A408AE6F52}.Release|ARM.ActiveCfg = Release|Any CPU
		{9D9C75EC-E22A-489C-9568-23A408AE6F52}.Release|ARM.Build.0 = Release|Any CPU
		{9D9C75EC-E22A-489C-9568-23A408AE6F52}.Release|ARM.Deploy.0 = Release|Any CPU
		{9D9C75EC-E22A-489C-9568-23A408AE6F52}.Release|iPhone.ActiveCfg = Release|Any CPU
		{9D9C75EC-E22A-489C-9568-23A408AE6F52}.Release|iPhone.Build.0 = Release|Any CPU
		{9D9C75EC-E22A-489C-9568-23A408AE6F52}.Release|iPhone.Deploy.0 = Release|Any CPU
		{9D9C75EC-E22A-489C-9568-23A408AE6F52}.Release|iPhoneSimulator.ActiveCfg = Release|Any CPU
		{9D9C75EC-E22A-489C-9568-23A408AE6F52}.Release|iPhoneSimulator.Build.0 = Release|Any CPU
		{9D9C75EC-E22A-489C-9568-23A408AE6F52}.Release|iPhoneSimulator.Deploy.0 = Release|Any CPU
		{9D9C75EC-E22A-489C-9568-23A408AE6F52}.Release|x64.ActiveCfg = Release|Any CPU
		{9D9C75EC-E22A-489C-9568-23A408AE6F52}.Release|x64.Build.0 = Release|Any CPU
		{9D9C75EC-E22A-489C-9568-23A408AE6F52}.Release|x64.Deploy.0 = Release|Any CPU
		{9D9C75EC-E22A-489C-9568-23A408AE6F52}.Release|x86.ActiveCfg = Release|Any CPU
		{9D9C75EC-E22A-489C-9568-23A408AE6F52}.Release|x86.Build.0 = Release|Any CPU
		{9D9C75EC-E22A-489C-9568-23A408AE6F52}.Release|x86.Deploy.0 = Release|Any CPU
	EndGlobalSection
	GlobalSection(SolutionProperties) = preSolution
		HideSolutionNode = FALSE
	EndGlobalSection
	GlobalSection(ExtensibilityGlobals) = postSolution
		SolutionGuid = {3C55015D-B6C0-4EE7-8913-FB04C793D247}
	EndGlobalSection
EndGlobal
